
Microsoft Visual Studio Solution File, Format Version 12.00
# Visual Studio 15
VisualStudioVersion = 15.0.26730.12
MinimumVisualStudioVersion = 10.0.40219.1
Project("{FAE04EC0-301F-11D3-BF4B-00C04F79EFBC}") = "FinalProject", "FinalProject\FinalProject.csproj", "{0F141F23-7C11-403F-A6D9-70781196DBDE}"
EndProject
Global
	GlobalSection(SolutionConfigurationPlatforms) = preSolution
		Debug|Any CPU = Debug|Any CPU
		Release|Any CPU = Release|Any CPU
	EndGlobalSection
	GlobalSection(ProjectConfigurationPlatforms) = postSolution
		{0F141F23-7C11-403F-A6D9-70781196DBDE}.Debug|Any CPU.ActiveCfg = Debug|Any CPU
		{0F141F23-7C11-403F-A6D9-70781196DBDE}.Debug|Any CPU.Build.0 = Debug|Any CPU
		{0F141F23-7C11-403F-A6D9-70781196DBDE}.Release|Any CPU.ActiveCfg = Release|Any CPU
		{0F141F23-7C11-403F-A6D9-70781196DBDE}.Release|Any CPU.Build.0 = Release|Any CPU
	EndGlobalSection
	GlobalSection(SolutionProperties) = preSolution
		HideSolutionNode = FALSE
	EndGlobalSection
	GlobalSection(ExtensibilityGlobals) = postSolution
		SolutionGuid = {B4B69438-FAB7-4DBA-A2E9-4945FA3F7E1F}
	EndGlobalSection
EndGlobal
